Microsoft Visual Studio Solution File, Format Version 12.00
# Visual Studio Version 16
VisualStudioVersion = 16.0.29418.71
MinimumVisualStudioVersion = 10.0.40219.1
Project("{9A19103F-16F7-4668-BE54-9A1E7A4F7556}") = "Api.Web", "Api.Web\Api.Web.csproj", "{09FA1FE8-D3D1-406A-83A9-72EF2D6F4BED}"
EndProject
Project("{9A19103F-16F7-4668-BE54-9A1E7A4F7556}") = "Models", "Models\Models.csproj", "{7B78DDBB-41AC-419D-878F-F0B81A985741}"
EndProject
Project("{9A19103F-16F7-4668-BE54-9A1E7A4F7556}") = "Application", "Application\Application.csproj", "{8F804DD9-BC70-4969-B6AD-3608097ECB56}"
EndProject
Project("{9A19103F-16F7-4668-BE54-9A1E7A4F7556}") = "Repository", "Repository\Repository.csproj", "{42DA1FB0-DA48-4AC6-8A73-F5553C505BBE}"
EndProject
Project("{9A19103F-16F7-4668-BE54-9A1E7A4F7556}") = "Infrastructure", "Infrastructure\Infrastructure.csproj", "{65ADEFB3-79AE-47A3-ABCC-82599BF2D7DF}"
EndProject
Project("{2150E333-8FDC-42A3-9474-1A3956D46DE8}") = "Solution Items", "Solution Items", "{DB9E372B-974C-42DC-BC5A-BF4479007140}"
	ProjectSection(SolutionItems) = preProject
		docker-compose.yml = docker-compose.yml
		Dockerfile = Dockerfile
	EndProjectSection
EndProject
Project("{9A19103F-16F7-4668-BE54-9A1E7A4F7556}") = "Test.Integration", "Test.Integration\Test.Integration.csproj", "{71E48412-D54F-45E6-8D63-10BF1AAA3961}"
EndProject
Project("{9A19103F-16F7-4668-BE54-9A1E7A4F7556}") = "Test.Arrange", "Test.Arrange\Test.Arrange.csproj", "{740C5C8E-3ED9-4FA1-880B-0BEBE539EE3E}"
EndProject
Project("{9A19103F-16F7-4668-BE54-9A1E7A4F7556}") = "Test.Unit", "Test.Unit\Test.Unit.csproj", "{A5A8B909-52F0-4905-BD6D-3C1E2323B475}"
EndProject
Project("{9A19103F-16F7-4668-BE54-9A1E7A4F7556}") = "Api.Nuget", "Api.Nuget\Api.Nuget.csproj", "{2D005EDA-237B-4FC8-AA53-6974EB0C0401}"
EndProject
Global
	GlobalSection(SolutionConfigurationPlatforms) = preSolution
		Debug|Any CPU = Debug|Any CPU
		Release|Any CPU = Release|Any CPU
	EndGlobalSection
	GlobalSection(ProjectConfigurationPlatforms) = postSolution
		{09FA1FE8-D3D1-406A-83A9-72EF2D6F4BED}.Debug|Any CPU.ActiveCfg = Debug|Any CPU
		{09FA1FE8-D3D1-406A-83A9-72EF2D6F4BED}.Debug|Any CPU.Build.0 = Debug|Any CPU
		{09FA1FE8-D3D1-406A-83A9-72EF2D6F4BED}.Release|Any CPU.ActiveCfg = Release|Any CPU
		{09FA1FE8-D3D1-406A-83A9-72EF2D6F4BED}.Release|Any CPU.Build.0 = Release|Any CPU
		{7B78DDBB-41AC-419D-878F-F0B81A985741}.Debug|Any CPU.ActiveCfg = Debug|Any CPU
		{7B78DDBB-41AC-419D-878F-F0B81A985741}.Debug|Any CPU.Build.0 = Debug|Any CPU
		{7B78DDBB-41AC-419D-878F-F0B81A985741}.Release|Any CPU.ActiveCfg = Release|Any CPU
		{7B78DDBB-41AC-419D-878F-F0B81A985741}.Release|Any CPU.Build.0 = Release|Any CPU
		{8F804DD9-BC70-4969-B6AD-3608097ECB56}.Debug|Any CPU.ActiveCfg = Debug|Any CPU
		{8F804DD9-BC70-4969-B6AD-3608097ECB56}.Debug|Any CPU.Build.0 = Debug|Any CPU
		{8F804DD9-BC70-4969-B6AD-3608097ECB56}.Release|Any CPU.ActiveCfg = Release|Any CPU
		{8F804DD9-BC70-4969-B6AD-3608097ECB56}.Release|Any CPU.Build.0 = Release|Any CPU
		{42DA1FB0-DA48-4AC6-8A73-F5553C505BBE}.Debug|Any CPU.ActiveCfg = Debug|Any CPU
		{42DA1FB0-DA48-4AC6-8A73-F5553C505BBE}.Debug|Any CPU.Build.0 = Debug|Any CPU
		{42DA1FB0-DA48-4AC6-8A73-F5553C505BBE}.Release|Any CPU.ActiveCfg = Release|Any CPU
		{42DA1FB0-DA48-4AC6-8A73-F5553C505BBE}.Release|Any CPU.Build.0 = Release|Any CPU
		{65ADEFB3-79AE-47A3-ABCC-82599BF2D7DF}.Debug|Any CPU.ActiveCfg = Debug|Any CPU
		{65ADEFB3-79AE-47A3-ABCC-82599BF2D7DF}.Debug|Any CPU.Build.0 = Debug|Any CPU
		{65ADEFB3-79AE-47A3-ABCC-82599BF2D7DF}.Release|Any CPU.ActiveCfg = Release|Any CPU
		{65ADEFB3-79AE-47A3-ABCC-82599BF2D7DF}.Release|Any CPU.Build.0 = Release|Any CPU
		{71E48412-D54F-45E6-8D63-10BF1AAA3961}.Debug|Any CPU.ActiveCfg = Debug|Any CPU
		{71E48412-D54F-45E6-8D63-10BF1AAA3961}.Debug|Any CPU.Build.0 = Debug|Any CPU
		{71E48412-D54F-45E6-8D63-10BF1AAA3961}.Release|Any CPU.ActiveCfg = Release|Any CPU
		{71E48412-D54F-45E6-8D63-10BF1AAA3961}.Release|Any CPU.Build.0 = Release|Any CPU
		{740C5C8E-3ED9-4FA1-880B-0BEBE539EE3E}.Debug|Any CPU.ActiveCfg = Debug|Any CPU
		{740C5C8E-3ED9-4FA1-880B-0BEBE539EE3E}.Debug|Any CPU.Build.0 = Debug|Any CPU
		{740C5C8E-3ED9-4FA1-880B-0BEBE539EE3E}.Release|Any CPU.ActiveCfg = Release|Any CPU
		{740C5C8E-3ED9-4FA1-880B-0BEBE539EE3E}.Release|Any CPU.Build.0 = Release|Any CPU
		{A5A8B909-52F0-4905-BD6D-3C1E2323B475}.Debug|Any CPU.ActiveCfg = Debug|Any CPU
		{A5A8B909-52F0-4905-BD6D-3C1E2323B475}.Debug|Any CPU.Build.0 = Debug|Any CPU
		{A5A8B909-52F0-4905-BD6D-3C1E2323B475}.Release|Any CPU.ActiveCfg = Release|Any CPU
		{A5A8B909-52F0-4905-BD6D-3C1E2323B475}.Release|Any CPU.Build.0 = Release|Any CPU
		{2D005EDA-237B-4FC8-AA53-6974EB0C0401}.Debug|Any CPU.ActiveCfg = Debug|Any CPU
		{2D005EDA-237B-4FC8-AA53-6974EB0C0401}.Debug|Any CPU.Build.0 = Debug|Any CPU
		{2D005EDA-237B-4FC8-AA53-6974EB0C0401}.Release|Any CPU.ActiveCfg = Release|Any CPU
		{2D005EDA-237B-4FC8-AA53-6974EB0C0401}.Release|Any CPU.Build.0 = Release|Any CPU
	EndGlobalSection
	GlobalSection(SolutionProperties) = preSolution
		HideSolutionNode = FALSE
	EndGlobalSection
	GlobalSection(ExtensibilityGlobals) = postSolution
		SolutionGuid = {DA28927C-5808-49DC-B4DC-F2A03D072A3E}
	EndGlobalSection
EndGlobal


